
Microsoft Visual Studio Solution File, Format Version 12.00
# Visual Studio Version 17
VisualStudioVersion = 17.13.35931.197
MinimumVisualStudioVersion = 10.0.40219.1

Project("{FAE04EC0-301F-11D3-BF4B-00C04F79EFBC}") = "EcosystemSimulation", "EcosystemSimulation\EcosystemSimulation.csproj", "{AD0E408C-B32E-4B28-B9CF-DE3541D2BAFF}"
EndProject

Global
	GlobalSection(SolutionConfigurationPlatforms) = preSolution
		Debug|Any CPU = Debug|Any CPU
		Release|Any CPU = Release|Any CPU
	EndGlobalSection

	GlobalSection(ProjectConfigurationPlatforms) = postSolution
		{AD0E408C-B32E-4B28-B9CF-DE3541D2BAFF}.Debug|Any CPU.ActiveCfg = Debug|Any CPU
		{AD0E408C-B32E-4B28-B9CF-DE3541D2BAFF}.Debug|Any CPU.Build.0 = Debug|Any CPU
		{AD0E408C-B32E-4B28-B9CF-DE3541D2BAFF}.Release|Any CPU.ActiveCfg = Release|Any CPU
		{AD0E408C-B32E-4B28-B9CF-DE3541D2BAFF}.Release|Any CPU.Build.0 = Release|Any CPU
	EndGlobalSection

	GlobalSection(SolutionProperties) = preSolution
		HideSolutionNode = FALSE
	EndGlobalSection

	GlobalSection(ExtensibilityGlobals) = postSolution
		SolutionGuid = {9A3E3E85-D456-4025-89C1-E7F2D64A0042}
	EndGlobalSection
EndGlobal
